
Microsoft Visual Studio Solution File, Format Version 12.00
# Visual Studio Version 17
VisualStudioVersion = 17.3.32825.248
MinimumVisualStudioVersion = 10.0.40219.1
Project("{FAE04EC0-301F-11D3-BF4B-00C04F79EFBC}") = "DMT_ExaminationSystem", "DMT_ExaminationSystem\DMT_ExaminationSystem.csproj", "{D4536909-EE64-4C18-BCAE-EB0804BEC1BA}"
EndProject
Global
	GlobalSection(SolutionConfigurationPlatforms) = preSolution
		Debug|Any CPU = Debug|Any CPU
		Release|Any CPU = Release|Any CPU
	EndGlobalSection
	GlobalSection(ProjectConfigurationPlatforms) = postSolution
		{D4536909-EE64-4C18-BCAE-EB0804BEC1BA}.Debug|Any CPU.ActiveCfg = Debug|Any CPU
		{D4536909-EE64-4C18-BCAE-EB0804BEC1BA}.Debug|Any CPU.Build.0 = Debug|Any CPU
		{D4536909-EE64-4C18-BCAE-EB0804BEC1BA}.Release|Any CPU.ActiveCfg = Release|Any CPU
		{D4536909-EE64-4C18-BCAE-EB0804BEC1BA}.Release|Any CPU.Build.0 = Release|Any CPU
	EndGlobalSection
	GlobalSection(SolutionProperties) = preSolution
		HideSolutionNode = FALSE
	EndGlobalSection
	GlobalSection(ExtensibilityGlobals) = postSolution
		SolutionGuid = {3D2D580C-CE1C-41F2-A2A1-198674BEF7E1}
	EndGlobalSection
EndGlobal
